// !$*UTF8*$!
{
	archiveVersion = 1;
	classes = {
	};
	objectVersion = 50;
	objects = {

/* Begin PBXBuildFile section */
		9CF8319E242779AE009BA8FD /* AppDelegate.swift in Sources */ = {isa = PBXBuildFile; fileRef = 9CF8319D242779AE009BA8FD /* AppDelegate.swift */; };
		9CF831A0242779AE009BA8FD /* SceneDelegate.swift in Sources */ = {isa = PBXBuildFile; fileRef = 9CF8319F242779AE009BA8FD /* SceneDelegate.swift */; };
		9CF831A2242779AE009BA8FD /* ContentView.swift in Sources */ = {isa = PBXBuildFile; fileRef = 9CF831A1242779AE009BA8FD /* ContentView.swift */; };
		9CF831A4242779B2009BA8FD /* Assets.xcassets in Resources */ = {isa = PBXBuildFile; fileRef = 9CF831A3242779B2009BA8FD /* Assets.xcassets */; };
		9CF831A7242779B2009BA8FD /* Preview Assets.xcassets in Resources */ = {isa = PBXBuildFile; fileRef = 9CF831A6242779B2009BA8FD /* Preview Assets.xcassets */; };
		9CF831AA242779B2009BA8FD /* LaunchScreen.storyboard in Resources */ = {isa = PBXBuildFile; fileRef = 9CF831A8242779B2009BA8FD /* LaunchScreen.storyboard */; };
/* End PBXBuildFile section */

/* Begin PBXFileReference section */
		9CF8319A242779AE009BA8FD /* Dice_SwiftUI.app */ = {isa = PBXFileReference; explicitFileType = wrapper.application; includeInIndex = 0; path = Dice_SwiftUI.app; sourceTree = BUILT_PRODUCTS_DIR; };
		9CF8319D242779AE009BA8FD /* AppDelegate.swift */ = {isa = PBXFileReference; lastKnownFileType = sourcecode.swift; path = AppDelegate.swift; sourceTree = "<group>"; };
		9CF8319F242779AE009BA8FD /* SceneDelegate.swift */ = {isa = PBXFileReference; lastKnownFileType = sourcecode.swift; path = SceneDelegate.swift; sourceTree = "<group>"; };
		9CF831A1242779AE009BA8FD /* ContentView.swift */ = {isa = PBXFileReference; lastKnownFileType = sourcecode.swift; path = ContentView.swift; sourceTree = "<group>"; };
		9CF831A3242779B2009BA8FD /* Assets.xcassets */ = {isa = PBXFileReference; lastKnownFileType = folder.assetcatalog; path = Assets.xcassets; sourceTree = "<group>"; };
		9CF831A6242779B2009BA8FD /* Preview Assets.xcassets */ = {isa = PBXFileReference; lastKnownFileType = folder.assetcatalog; path = "Preview Assets.xcassets"; sourceTree = "<group>"; };
		9CF831A9242779B2009BA8FD /* Base */ = {isa = PBXFileReference; lastKnownFileType = file.storyboard; name = Base; path = Base.lproj/LaunchScreen.storyboard; sourceTree = "<group>"; };
		9CF831AB242779B2009BA8FD /* Info.plist */ = {isa = PBXFileReference; lastKnownFileType = text.plist.xml; path = Info.plist; sourceTree = "<group>"; };
/* End PBXFileReference section */

/* Begin PBXFrameworksBuildPhase section */
		9CF83197242779AE009BA8FD /* Frameworks */ = {
			isa = PBXFrameworksBuildPhase;
			buildActionMask = 2147483647;
			files = (
			);
			runOnlyForDeploymentPostprocessing = 0;
		};
/* End PBXFrameworksBuildPhase section */

/* Begin PBXGroup section */
		9CF83191242779AE009BA8FD = {
			isa = PBXGroup;
			children = (
				9CF8319C242779AE009BA8FD /* Dice_SwiftUI */,
				9CF8319B242779AE009BA8FD /* Products */,
			);
			sourceTree = "<group>";
		};
		9CF8319B242779AE009BA8FD /* Products */ = {
			isa = PBXGroup;
			children = (
				9CF8319A242779AE009BA8FD /* Dice_SwiftUI.app */,
			);
			name = Products;
			sourceTree = "<group>";
		};
		9CF8319C242779AE009BA8FD /* Dice_SwiftUI */ = {
			isa = PBXGroup;
			children = (
				9CF8319D242779AE009BA8FD /* AppDelegate.swift */,
				9CF8319F242779AE009BA8FD /* SceneDelegate.swift */,
				9CF831A1242779AE009BA8FD /* ContentView.swift */,
				9CF831A3242779B2009BA8FD /* Assets.xcassets */,
				9CF831A8242779B2009BA8FD /* LaunchScreen.storyboard */,
				9CF831AB242779B2009BA8FD /* Info.plist */,
				9CF831A5242779B2009BA8FD /* Preview Content */,
			);
			path = Dice_SwiftUI;
			sourceTree = "<group>";
		};
		9CF831A5242779B2009BA8FD /* Preview Content */ = {
			isa = PBXGroup;
			children = (
				9CF831A6242779B2009BA8FD /* Preview Assets.xcassets */,
			);
			path = "Preview Content";
			sourceTree = "<group>";
		};
/* End PBXGroup section */

/* Begin PBXNativeTarget section */
		9CF83199242779AE009BA8FD /* Dice_SwiftUI */ = {
			isa = PBXNativeTarget;
			buildConfigurationList = 9CF831AE242779B2009BA8FD /* Build configuration list for PBXNativeTarget "Dice_SwiftUI" */;
			buildPhases = (
				9CF83196242779AE009BA8FD /* Sources */,
				9CF83197242779AE009BA8FD /* Frameworks */,
				9CF83198242779AE009BA8FD /* Resources */,
			);
			buildRules = (
			);
			dependencies = (
			);
			name = Dice_SwiftUI;
			productName = Dice_SwiftUI;
			productReference = 9CF8319A242779AE009BA8FD /* Dice_SwiftUI.app */;
			productType = "com.apple.product-type.application";
		};
/* End PBXNativeTarget section */

/* Begin PBXProject section */
		9CF83192242779AE009BA8FD /* Project object */ = {
			isa = PBXProject;
			attributes = {
				LastSwiftUpdateCheck = 1130;
				LastUpgradeCheck = 1130;
				ORGANIZATIONNAME = "Benito A L Silva";
				TargetAttributes = {
					9CF83199242779AE009BA8FD = {
						CreatedOnToolsVersion = 11.3.1;
					};
				};
			};
			buildConfigurationList = 9CF83195242779AE009BA8FD /* Build configuration list for PBXProject "Dice_SwiftUI" */;
			compatibilityVersion = "Xcode 9.3";
			developmentRegion = en;
			hasScannedForEncodings = 0;
			knownRegions = (
				en,
				Base,
			);
			mainGroup = 9CF83191242779AE009BA8FD;
			productRefGroup = 9CF8319B242779AE009BA8FD /* Products */;
			projectDirPath = "";
			projectRoot = "";
			targets = (
				9CF83199242779AE009BA8FD /* Dice_SwiftUI */,
			);
		};
/* End PBXProject section */

/* Begin PBXResourcesBuildPhase section */
		9CF83198242779AE009BA8FD /* Resources */ = {
			isa = PBXResourcesBuildPhase;
			buildActionMask = 2147483647;
			files = (
				9CF831AA242779B2009BA8FD /* LaunchScreen.storyboard in Resources */,
				9CF831A7242779B2009BA8FD /* Preview Assets.xcassets in Resources */,
				9CF831A4242779B2009BA8FD /* Assets.xcassets in Resources */,
			);
			runOnlyForDeploymentPostprocessing = 0;
		};
/* End PBXResourcesBuildPhase section */

/* Begin PBXSourcesBuildPhase section */
		9CF83196242779AE009BA8FD /* Sources */ = {
			isa = PBXSourcesBuildPhase;
			buildActionMask = 2147483647;
			files = (
				9CF8319E242779AE009BA8FD /* AppDelegate.swift in Sources */,
				9CF831A0242779AE009BA8FD /* SceneDelegate.swift in Sources */,
				9CF831A2242779AE009BA8FD /* ContentView.swift in Sources */,
			);
			runOnlyForDeploymentPostprocessing = 0;
		};
/* End PBXSourcesBuildPhase section */

/* Begin PBXVariantGroup section */
		9CF831A8242779B2009BA8FD /* LaunchScreen.storyboard */ = {
			isa = PBXVariantGroup;
			children = (
				9CF831A9242779B2009BA8FD /* Base */,
			);
			name = LaunchScreen.storyboard;
			sourceTree = "<group>";
		};
/* End PBXVariantGroup section */

/* Begin XCBuildConfiguration section */
		9CF831AC242779B2009BA8FD /* Debug */ = {
			isa = XCBuildConfiguration;
			buildSettings = {
				ALWAYS_SEARCH_USER_PATHS = NO;
				CLANG_ANALYZER_NONNULL = YES;
				CLANG_ANALYZER_NUMBER_OBJECT_CONVERSION = YES_AGGRESSIVE;
				CLANG_CXX_LANGUAGE_STANDARD = "gnu++14";
				CLANG_CXX_LIBRARY = "libc++";
				CLANG_ENABLE_MODULES = YES;
				CLANG_ENABLE_OBJC_ARC = YES;
				CLANG_ENABLE_OBJC_WEAK = YES;
				CLANG_WARN_BLOCK_CAPTURE_AUTORELEASING = YES;
				CLANG_WARN_BOOL_CONVERSION = YES;
				CLANG_WARN_COMMA = YES;
				CLANG_WARN_CONSTANT_CONVERSION = YES;
				CLANG_WARN_DEPRECATED_OBJC_IMPLEMENTATIONS = YES;
				CLANG_WARN_DIRECT_OBJC_ISA_USAGE = YES_ERROR;
				CLANG_WARN_DOCUMENTATION_COMMENTS = YES;
				CLANG_WARN_EMPTY_BODY = YES;
				CLANG_WARN_ENUM_CONVERSION = YES;
				CLANG_WARN_INFINITE_RECURSION = YES;
				CLANG_WARN_INT_CONVERSION = YES;
				CLANG_WARN_NON_LITERAL_NULL_CONVERSION = YES;
				CLANG_WARN_OBJC_IMPLICIT_RETAIN_SELF = YES;
				CLANG_WARN_OBJC_LITERAL_CONVERSION = YES;
				CLANG_WARN_OBJC_ROOT_CLASS = YES_ERROR;
				CLANG_WARN_RANGE_LOOP_ANALYSIS = YES;
				CLANG_WARN_STRICT_PROTOTYPES = YES;
				CLANG_WARN_SUSPICIOUS_MOVE = YES;
				CLANG_WARN_UNGUARDED_AVAILABILITY = YES_AGGRESSIVE;
				CLANG_WARN_UNREACHABLE_CODE = YES;
				CLANG_WARN__DUPLICATE_METHOD_MATCH = YES;
				COPY_PHASE_STRIP = NO;
				DEBUG_INFORMATION_FORMAT = dwarf;
				ENABLE_STRICT_OBJC_MSGSEND = YES;
				ENABLE_TESTABILITY = YES;
				GCC_C_LANGUAGE_STANDARD = gnu11;
				GCC_DYNAMIC_NO_PIC = NO;
				GCC_NO_COMMON_BLOCKS = YES;
				GCC_OPTIMIZATION_LEVEL = 0;
				GCC_PREPROCESSOR_DEFINITIONS = (
					"DEBUG=1",
					"$(inherited)",
				);
				GCC_WARN_64_TO_32_BIT_CONVERSION = YES;
				GCC_WARN_ABOUT_RETURN_TYPE = YES_ERROR;
				GCC_WARN_UNDECLARED_SELECTOR = YES;
				GCC_WARN_UNINITIALIZED_AUTOS = YES_AGGRESSIVE;
				GCC_WARN_UNUSED_FUNCTION = YES;
				GCC_WARN_UNUSED_VARIABLE = YES;
				IPHONEOS_DEPLOYMENT_TARGET = 13.2;
				MTL_ENABLE_DEBUG_INFO = INCLUDE_SOURCE;
				MTL_FAST_MATH = YES;
				ONLY_ACTIVE_ARCH = YES;
				SDKROOT = iphoneos;
				SWIFT_ACTIVE_COMPILATION_CONDITIONS = DEBUG;
				SWIFT_OPTIMIZATION_LEVEL = "-Onone";
			};
			name = Debug;
		};
		9CF831AD242779B2009BA8FD /* Release */ = {
			isa = XCBuildConfiguration;
			buildSettings = {
				ALWAYS_SEARCH_USER_PATHS = NO;
				CLANG_ANALYZER_NONNULL = YES;
				CLANG_ANALYZER_NUMBER_OBJECT_CONVERSION = YES_AGGRESSIVE;
				CLANG_CXX_LANGUAGE_STANDARD = "gnu++14";
				CLANG_CXX_LIBRARY = "libc++";
				CLANG_ENABLE_MODULES = YES;
				CLANG_ENABLE_OBJC_ARC = YES;
				CLANG_ENABLE_OBJC_WEAK = YES;
				CLANG_WARN_BLOCK_CAPTURE_AUTORELEASING = YES;
				CLANG_WARN_BOOL_CONVERSION = YES;
				CLANG_WARN_COMMA = YES;
				CLANG_WARN_CONSTANT_CONVERSION = YES;
				CLANG_WARN_DEPRECATED_OBJC_IMPLEMENTATIONS = YES;
				CLANG_WARN_DIRECT_OBJC_ISA_USAGE = YES_ERROR;
				CLANG_WARN_DOCUMENTATION_COMMENTS = YES;
				CLANG_WARN_EMPTY_BODY = YES;
				CLANG_WARN_ENUM_CONVERSION = YES;
				CLANG_WARN_INFINITE_RECURSION = YES;
				CLANG_WARN_INT_CONVERSION = YES;
				CLANG_WARN_NON_LITERAL_NULL_CONVERSION = YES;
				CLANG_WARN_OBJC_IMPLICIT_RETAIN_SELF = YES;
				CLANG_WARN_OBJC_LITERAL_CONVERSION = YES;
				CLANG_WARN_OBJC_ROOT_CLASS = YES_ERROR;
				CLANG_WARN_RANGE_LOOP_ANALYSIS = YES;
				CLANG_WARN_STRICT_PROTOTYPES = YES;
				CLANG_WARN_SUSPICIOUS_MOVE = YES;
				CLANG_WARN_UNGUARDED_AVAILABILITY = YES_AGGRESSIVE;
				CLANG_WARN_UNREACHABLE_CODE = YES;
				CLANG_WARN__DUPLICATE_METHOD_MATCH = YES;
				COPY_PHASE_STRIP = NO;
				DEBUG_INFORMATION_FORMAT = "dwarf-with-dsym";
				ENABLE_NS_ASSERTIONS = NO;
				ENABLE_STRICT_OBJC_MSGSEND = YES;
				GCC_C_LANGUAGE_STANDARD = gnu11;
				GCC_NO_COMMON_BLOCKS = YES;
				GCC_WARN_64_TO_32_BIT_CONVERSION = YES;
				GCC_WARN_ABOUT_RETURN_TYPE = YES_ERROR;
				GCC_WARN_UNDECLARED_SELECTOR = YES;
				GCC_WARN_UNINITIALIZED_AUTOS = YES_AGGRESSIVE;
				GCC_WARN_UNUSED_FUNCTION = YES;
				GCC_WARN_UNUSED_VARIABLE = YES;
				IPHONEOS_DEPLOYMENT_TARGET = 13.2;
				MTL_ENABLE_DEBUG_INFO = NO;
				MTL_FAST_MATH = YES;
				SDKROOT = iphoneos;
				SWIFT_COMPILATION_MODE = wholemodule;
				SWIFT_OPTIMIZATION_LEVEL = "-O";
				VALIDATE_PRODUCT = YES;
			};
			name = Release;
		};
		9CF831AF242779B2009BA8FD /* Debug */ = {
			isa = XCBuildConfiguration;
			buildSettings = {
				ASSETCATALOG_COMPILER_APPICON_NAME = AppIcon;
				CODE_SIGN_STYLE = Automatic;
				DEVELOPMENT_ASSET_PATHS = "\"Dice_SwiftUI/Preview Content\"";
				DEVELOPMENT_TEAM = 7UMYN94R6Z;
				ENABLE_PREVIEWS = YES;
				INFOPLIST_FILE = Dice_SwiftUI/Info.plist;
				LD_RUNPATH_SEARCH_PATHS = (
					"$(inherited)",
					"@executable_path/Frameworks",
				);
				PRODUCT_BUNDLE_IDENTIFIER = "com.benitoals.Dice-SwiftUI";
				PRODUCT_NAME = "$(TARGET_NAME)";
				SWIFT_VERSION = 5.0;
				TARGETED_DEVICE_FAMILY = "1,2";
			};
			name = Debug;
		};
		9CF831B0242779B2009BA8FD /* Release */ = {
			isa = XCBuildConfiguration;
			buildSettings = {
				ASSETCATALOG_COMPILER_APPICON_NAME = AppIcon;
				CODE_SIGN_STYLE = Automatic;
				DEVELOPMENT_ASSET_PATHS = "\"Dice_SwiftUI/Preview Content\"";
				DEVELOPMENT_TEAM = 7UMYN94R6Z;
				ENABLE_PREVIEWS = YES;
				INFOPLIST_FILE = Dice_SwiftUI/Info.plist;
				LD_RUNPATH_SEARCH_PATHS = (
					"$(inherited)",
					"@executable_path/Frameworks",
				);
				PRODUCT_BUNDLE_IDENTIFIER = "com.benitoals.Dice-SwiftUI";
				PRODUCT_NAME = "$(TARGET_NAME)";
				SWIFT_VERSION = 5.0;
				TARGETED_DEVICE_FAMILY = "1,2";
			};
			name = Release;
		};
/* End XCBuildConfiguration section */

/* Begin XCConfigurationList section */
		9CF83195242779AE009BA8FD /* Build configuration list for PBXProject "Dice_SwiftUI" */ = {
			isa = XCConfigurationList;
			buildConfigurations = (
				9CF831AC242779B2009BA8FD /* Debug */,
				9CF831AD242779B2009BA8FD /* Release */,
			);
			defaultConfigurationIsVisible = 0;
			defaultConfigurationName = Release;
		};
		9CF831AE242779B2009BA8FD /* Build configuration list for PBXNativeTarget "Dice_SwiftUI" */ = {
			isa = XCConfigurationList;
			buildConfigurations = (
				9CF831AF242779B2009BA8FD /* Debug */,
				9CF831B0242779B2009BA8FD /* Release */,
			);
			defaultConfigurationIsVisible = 0;
			defaultConfigurationName = Release;
		};
/* End XCConfigurationList section */
	};
	rootObject = 9CF83192242779AE009BA8FD /* Project object */;
}
